// !$*UTF8*$!
{
	archiveVersion = 1;
	classes = {
	};
	objectVersion = 46;
	objects = {

/* Begin PBXBuildFile section */
		035C01431AEC86E4003B147C /* AppDelegate.swift in Sources */ = {isa = PBXBuildFile; fileRef = 035C01421AEC86E4003B147C /* AppDelegate.swift */; };
		035C01451AEC86E4003B147C /* ViewController.swift in Sources */ = {isa = PBXBuildFile; fileRef = 035C01441AEC86E4003B147C /* ViewController.swift */; };
		035C01481AEC86E4003B147C /* Main.storyboard in Resources */ = {isa = PBXBuildFile; fileRef = 035C01461AEC86E4003B147C /* Main.storyboard */; };
		035C014A1AEC86E4003B147C /* Images.xcassets in Resources */ = {isa = PBXBuildFile; fileRef = 035C01491AEC86E4003B147C /* Images.xcassets */; };
		035C014D1AEC86E4003B147C /* LaunchScreen.xib in Resources */ = {isa = PBXBuildFile; fileRef = 035C014B1AEC86E4003B147C /* LaunchScreen.xib */; };
		035C01591AEC86E4003B147C /* ArtistreeAppTests.swift in Sources */ = {isa = PBXBuildFile; fileRef = 035C01581AEC86E4003B147C /* ArtistreeAppTests.swift */; };
/* End PBXBuildFile section */

/* Begin PBXContainerItemProxy section */
		035C01531AEC86E4003B147C /* PBXContainerItemProxy */ = {
			isa = PBXContainerItemProxy;
			containerPortal = 035C01351AEC86E4003B147C /* Project object */;
			proxyType = 1;
			remoteGlobalIDString = 035C013C1AEC86E4003B147C;
			remoteInfo = ArtistreeApp;
		};
/* End PBXContainerItemProxy section */

/* Begin PBXFileReference section */
		035C013D1AEC86E4003B147C /* ArtistreeApp.app */ = {isa = PBXFileReference; explicitFileType = wrapper.application; includeInIndex = 0; path = ArtistreeApp.app; sourceTree = BUILT_PRODUCTS_DIR; };
		035C01411AEC86E4003B147C /* Info.plist */ = {isa = PBXFileReference; lastKnownFileType = text.plist.xml; path = Info.plist; sourceTree = "<group>"; };
		035C01421AEC86E4003B147C /* AppDelegate.swift */ = {isa = PBXFileReference; lastKnownFileType = sourcecode.swift; path = AppDelegate.swift; sourceTree = "<group>"; };
		035C01441AEC86E4003B147C /* ViewController.swift */ = {isa = PBXFileReference; lastKnownFileType = sourcecode.swift; path = ViewController.swift; sourceTree = "<group>"; };
		035C01471AEC86E4003B147C /* Base */ = {isa = PBXFileReference; lastKnownFileType = file.storyboard; name = Base; path = Base.lproj/Main.storyboard; sourceTree = "<group>"; };
		035C01491AEC86E4003B147C /* Images.xcassets */ = {isa = PBXFileReference; lastKnownFileType = folder.assetcatalog; path = Images.xcassets; sourceTree = "<group>"; };
		035C014C1AEC86E4003B147C /* Base */ = {isa = PBXFileReference; lastKnownFileType = file.xib; name = Base; path = Base.lproj/LaunchScreen.xib; sourceTree = "<group>"; };
		035C01521AEC86E4003B147C /* ArtistreeAppTests.xctest */ = {isa = PBXFileReference; explicitFileType = wrapper.cfbundle; includeInIndex = 0; path = ArtistreeAppTests.xctest; sourceTree = BUILT_PRODUCTS_DIR; };
		035C01571AEC86E4003B147C /* Info.plist */ = {isa = PBXFileReference; lastKnownFileType = text.plist.xml; path = Info.plist; sourceTree = "<group>"; };
		035C01581AEC86E4003B147C /* ArtistreeAppTests.swift */ = {isa = PBXFileReference; lastKnownFileType = sourcecode.swift; path = ArtistreeAppTests.swift; sourceTree = "<group>"; };
/* End PBXFileReference section */

/* Begin PBXFrameworksBuildPhase section */
		035C013A1AEC86E4003B147C /* Frameworks */ = {
			isa = PBXFrameworksBuildPhase;
			buildActionMask = 2147483647;
			files = (
			);
			runOnlyForDeploymentPostprocessing = 0;
		};
		035C014F1AEC86E4003B147C /* Frameworks */ = {
			isa = PBXFrameworksBuildPhase;
			buildActionMask = 2147483647;
			files = (
			);
			runOnlyForDeploymentPostprocessing = 0;
		};
/* End PBXFrameworksBuildPhase section */

/* Begin PBXGroup section */
		035C01341AEC86E4003B147C = {
			isa = PBXGroup;
			children = (
				035C013F1AEC86E4003B147C /* ArtistreeApp */,
				035C01551AEC86E4003B147C /* ArtistreeAppTests */,
				035C013E1AEC86E4003B147C /* Products */,
			);
			sourceTree = "<group>";
		};
		035C013E1AEC86E4003B147C /* Products */ = {
			isa = PBXGroup;
			children = (
				035C013D1AEC86E4003B147C /* ArtistreeApp.app */,
				035C01521AEC86E4003B147C /* ArtistreeAppTests.xctest */,
			);
			name = Products;
			sourceTree = "<group>";
		};
		035C013F1AEC86E4003B147C /* ArtistreeApp */ = {
			isa = PBXGroup;
			children = (
				035C01421AEC86E4003B147C /* AppDelegate.swift */,
				035C01441AEC86E4003B147C /* ViewController.swift */,
				035C01461AEC86E4003B147C /* Main.storyboard */,
				035C01491AEC86E4003B147C /* Images.xcassets */,
				035C014B1AEC86E4003B147C /* LaunchScreen.xib */,
				035C01401AEC86E4003B147C /* Supporting Files */,
			);
			path = ArtistreeApp;
			sourceTree = "<group>";
		};
		035C01401AEC86E4003B147C /* Supporting Files */ = {
			isa = PBXGroup;
			children = (
				035C01411AEC86E4003B147C /* Info.plist */,
			);
			name = "Supporting Files";
			sourceTree = "<group>";
		};
		035C01551AEC86E4003B147C /* ArtistreeAppTests */ = {
			isa = PBXGroup;
			children = (
				035C01581AEC86E4003B147C /* ArtistreeAppTests.swift */,
				035C01561AEC86E4003B147C /* Supporting Files */,
			);
			path = ArtistreeAppTests;
			sourceTree = "<group>";
		};
		035C01561AEC86E4003B147C /* Supporting Files */ = {
			isa = PBXGroup;
			children = (
				035C01571AEC86E4003B147C /* Info.plist */,
			);
			name = "Supporting Files";
			sourceTree = "<group>";
		};
/* End PBXGroup section */

/* Begin PBXNativeTarget section */
		035C013C1AEC86E4003B147C /* ArtistreeApp */ = {
			isa = PBXNativeTarget;
			buildConfigurationList = 035C015C1AEC86E4003B147C /* Build configuration list for PBXNativeTarget "ArtistreeApp" */;
			buildPhases = (
				035C01391AEC86E4003B147C /* Sources */,
				035C013A1AEC86E4003B147C /* Frameworks */,
				035C013B1AEC86E4003B147C /* Resources */,
			);
			buildRules = (
			);
			dependencies = (
			);
			name = ArtistreeApp;
			productName = ArtistreeApp;
			productReference = 035C013D1AEC86E4003B147C /* ArtistreeApp.app */;
			productType = "com.apple.product-type.application";
		};
		035C01511AEC86E4003B147C /* ArtistreeAppTests */ = {
			isa = PBXNativeTarget;
			buildConfigurationList = 035C015F1AEC86E4003B147C /* Build configuration list for PBXNativeTarget "ArtistreeAppTests" */;
			buildPhases = (
				035C014E1AEC86E4003B147C /* Sources */,
				035C014F1AEC86E4003B147C /* Frameworks */,
				035C01501AEC86E4003B147C /* Resources */,
			);
			buildRules = (
			);
			dependencies = (
				035C01541AEC86E4003B147C /* PBXTargetDependency */,
			);
			name = ArtistreeAppTests;
			productName = ArtistreeAppTests;
			productReference = 035C01521AEC86E4003B147C /* ArtistreeAppTests.xctest */;
			productType = "com.apple.product-type.bundle.unit-test";
		};
/* End PBXNativeTarget section */

/* Begin PBXProject section */
		035C01351AEC86E4003B147C /* Project object */ = {
			isa = PBXProject;
			attributes = {
				LastUpgradeCheck = 0630;
				ORGANIZATIONNAME = "Nicolas Roldos";
				TargetAttributes = {
					035C013C1AEC86E4003B147C = {
						CreatedOnToolsVersion = 6.3.1;
					};
					035C01511AEC86E4003B147C = {
						CreatedOnToolsVersion = 6.3.1;
						TestTargetID = 035C013C1AEC86E4003B147C;
					};
				};
			};
			buildConfigurationList = 035C01381AEC86E4003B147C /* Build configuration list for PBXProject "ArtistreeApp" */;
			compatibilityVersion = "Xcode 3.2";
			developmentRegion = English;
			hasScannedForEncodings = 0;
			knownRegions = (
				en,
				Base,
			);
			mainGroup = 035C01341AEC86E4003B147C;
			productRefGroup = 035C013E1AEC86E4003B147C /* Products */;
			projectDirPath = "";
			projectRoot = "";
			targets = (
				035C013C1AEC86E4003B147C /* ArtistreeApp */,
				035C01511AEC86E4003B147C /* ArtistreeAppTests */,
			);
		};
/* End PBXProject section */

/* Begin PBXResourcesBuildPhase section */
		035C013B1AEC86E4003B147C /* Resources */ = {
			isa = PBXResourcesBuildPhase;
			buildActionMask = 2147483647;
			files = (
				035C01481AEC86E4003B147C /* Main.storyboard in Resources */,
				035C014D1AEC86E4003B147C /* LaunchScreen.xib in Resources */,
				035C014A1AEC86E4003B147C /* Images.xcassets in Resources */,
			);
			runOnlyForDeploymentPostprocessing = 0;
		};
		035C01501AEC86E4003B147C /* Resources */ = {
			isa = PBXResourcesBuildPhase;
			buildActionMask = 2147483647;
			files = (
			);
			runOnlyForDeploymentPostprocessing = 0;
		};
/* End PBXResourcesBuildPhase section */

/* Begin PBXSourcesBuildPhase section */
		035C01391AEC86E4003B147C /* Sources */ = {
			isa = PBXSourcesBuildPhase;
			buildActionMask = 2147483647;
			files = (
				035C01451AEC86E4003B147C /* ViewController.swift in Sources */,
				035C01431AEC86E4003B147C /* AppDelegate.swift in Sources */,
			);
			runOnlyForDeploymentPostprocessing = 0;
		};
		035C014E1AEC86E4003B147C /* Sources */ = {
			isa = PBXSourcesBuildPhase;
			buildActionMask = 2147483647;
			files = (
				035C01591AEC86E4003B147C /* ArtistreeAppTests.swift in Sources */,
			);
			runOnlyForDeploymentPostprocessing = 0;
		};
/* End PBXSourcesBuildPhase section */

/* Begin PBXTargetDependency section */
		035C01541AEC86E4003B147C /* PBXTargetDependency */ = {
			isa = PBXTargetDependency;
			target = 035C013C1AEC86E4003B147C /* ArtistreeApp */;
			targetProxy = 035C01531AEC86E4003B147C /* PBXContainerItemProxy */;
		};
/* End PBXTargetDependency section */

/* Begin PBXVariantGroup section */
		035C01461AEC86E4003B147C /* Main.storyboard */ = {
			isa = PBXVariantGroup;
			children = (
				035C01471AEC86E4003B147C /* Base */,
			);
			name = Main.storyboard;
			sourceTree = "<group>";
		};
		035C014B1AEC86E4003B147C /* LaunchScreen.xib */ = {
			isa = PBXVariantGroup;
			children = (
				035C014C1AEC86E4003B147C /* Base */,
			);
			name = LaunchScreen.xib;
			sourceTree = "<group>";
		};
/* End PBXVariantGroup section */

/* Begin XCBuildConfiguration section */
		035C015A1AEC86E4003B147C /* Debug */ = {
			isa = XCBuildConfiguration;
			buildSettings = {
				ALWAYS_SEARCH_USER_PATHS = NO;
				CLANG_CXX_LANGUAGE_STANDARD = "gnu++0x";
				CLANG_CXX_LIBRARY = "libc++";
				CLANG_ENABLE_MODULES = YES;
				CLANG_ENABLE_OBJC_ARC = YES;
				CLANG_WARN_BOOL_CONVERSION = YES;
				CLANG_WARN_CONSTANT_CONVERSION = YES;
				CLANG_WARN_DIRECT_OBJC_ISA_USAGE = YES_ERROR;
				CLANG_WARN_EMPTY_BODY = YES;
				CLANG_WARN_ENUM_CONVERSION = YES;
				CLANG_WARN_INT_CONVERSION = YES;
				CLANG_WARN_OBJC_ROOT_CLASS = YES_ERROR;
				CLANG_WARN_UNREACHABLE_CODE = YES;
				CLANG_WARN__DUPLICATE_METHOD_MATCH = YES;
				"CODE_SIGN_IDENTITY[sdk=iphoneos*]" = "iPhone Developer";
				COPY_PHASE_STRIP = NO;
				DEBUG_INFORMATION_FORMAT = "dwarf-with-dsym";
				ENABLE_STRICT_OBJC_MSGSEND = YES;
				GCC_C_LANGUAGE_STANDARD = gnu99;
				GCC_DYNAMIC_NO_PIC = NO;
				GCC_NO_COMMON_BLOCKS = YES;
				GCC_OPTIMIZATION_LEVEL = 0;
				GCC_PREPROCESSOR_DEFINITIONS = (
					"DEBUG=1",
					"$(inherited)",
				);
				GCC_SYMBOLS_PRIVATE_EXTERN = NO;
				GCC_WARN_64_TO_32_BIT_CONVERSION = YES;
				GCC_WARN_ABOUT_RETURN_TYPE = YES_ERROR;
				GCC_WARN_UNDECLARED_SELECTOR = YES;
				GCC_WARN_UNINITIALIZED_AUTOS = YES_AGGRESSIVE;
				GCC_WARN_UNUSED_FUNCTION = YES;
				GCC_WARN_UNUSED_VARIABLE = YES;
				IPHONEOS_DEPLOYMENT_TARGET = 8.3;
				MTL_ENABLE_DEBUG_INFO = YES;
				ONLY_ACTIVE_ARCH = YES;
				SDKROOT = iphoneos;
				SWIFT_OPTIMIZATION_LEVEL = "-Onone";
			};
			name = Debug;
		};
		035C015B1AEC86E4003B147C /* Release */ = {
			isa = XCBuildConfiguration;
			buildSettings = {
				ALWAYS_SEARCH_USER_PATHS = NO;
				CLANG_CXX_LANGUAGE_STANDARD = "gnu++0x";
				CLANG_CXX_LIBRARY = "libc++";
				CLANG_ENABLE_MODULES = YES;
				CLANG_ENABLE_OBJC_ARC = YES;
				CLANG_WARN_BOOL_CONVERSION = YES;
				CLANG_WARN_CONSTANT_CONVERSION = YES;
				CLANG_WARN_DIRECT_OBJC_ISA_USAGE = YES_ERROR;
				CLANG_WARN_EMPTY_BODY = YES;
				CLANG_WARN_ENUM_CONVERSION = YES;
				CLANG_WARN_INT_CONVERSION = YES;
				CLANG_WARN_OBJC_ROOT_CLASS = YES_ERROR;
				CLANG_WARN_UNREACHABLE_CODE = YES;
				CLANG_WARN__DUPLICATE_METHOD_MATCH = YES;
				"CODE_SIGN_IDENTITY[sdk=iphoneos*]" = "iPhone Developer";
				COPY_PHASE_STRIP = NO;
				DEBUG_INFORMATION_FORMAT = "dwarf-with-dsym";
				ENABLE_NS_ASSERTIONS = NO;
				ENABLE_STRICT_OBJC_MSGSEND = YES;
				GCC_C_LANGUAGE_STANDARD = gnu99;
				GCC_NO_COMMON_BLOCKS = YES;
				GCC_WARN_64_TO_32_BIT_CONVERSION = YES;
				GCC_WARN_ABOUT_RETURN_TYPE = YES_ERROR;
				GCC_WARN_UNDECLARED_SELECTOR = YES;
				GCC_WARN_UNINITIALIZED_AUTOS = YES_AGGRESSIVE;
				GCC_WARN_UNUSED_FUNCTION = YES;
				GCC_WARN_UNUSED_VARIABLE = YES;
				IPHONEOS_DEPLOYMENT_TARGET = 8.3;
				MTL_ENABLE_DEBUG_INFO = NO;
				SDKROOT = iphoneos;
				VALIDATE_PRODUCT = YES;
			};
			name = Release;
		};
		035C015D1AEC86E4003B147C /* Debug */ = {
			isa = XCBuildConfiguration;
			buildSettings = {
				ASSETCATALOG_COMPILER_APPICON_NAME = AppIcon;
				INFOPLIST_FILE = ArtistreeApp/Info.plist;
				LD_RUNPATH_SEARCH_PATHS = "$(inherited) @executable_path/Frameworks";
				PRODUCT_NAME = "$(TARGET_NAME)";
			};
			name = Debug;
		};
		035C015E1AEC86E4003B147C /* Release */ = {
			isa = XCBuildConfiguration;
			buildSettings = {
				ASSETCATALOG_COMPILER_APPICON_NAME = AppIcon;
				INFOPLIST_FILE = ArtistreeApp/Info.plist;
				LD_RUNPATH_SEARCH_PATHS = "$(inherited) @executable_path/Frameworks";
				PRODUCT_NAME = "$(TARGET_NAME)";
			};
			name = Release;
		};
		035C01601AEC86E4003B147C /* Debug */ = {
			isa = XCBuildConfiguration;
			buildSettings = {
				BUNDLE_LOADER = "$(TEST_HOST)";
				FRAMEWORK_SEARCH_PATHS = (
					"$(SDKROOT)/Developer/Library/Frameworks",
					"$(inherited)",
				);
				GCC_PREPROCESSOR_DEFINITIONS = (
					"DEBUG=1",
					"$(inherited)",
				);
				INFOPLIST_FILE = ArtistreeAppTests/Info.plist;
				LD_RUNPATH_SEARCH_PATHS = "$(inherited) @executable_path/Frameworks @loader_path/Frameworks";
				PRODUCT_NAME = "$(TARGET_NAME)";
				TEST_HOST = "$(BUILT_PRODUCTS_DIR)/ArtistreeApp.app/ArtistreeApp";
			};
			name = Debug;
		};
		035C01611AEC86E4003B147C /* Release */ = {
			isa = XCBuildConfiguration;
			buildSettings = {
				BUNDLE_LOADER = "$(TEST_HOST)";
				FRAMEWORK_SEARCH_PATHS = (
					"$(SDKROOT)/Developer/Library/Frameworks",
					"$(inherited)",
				);
				INFOPLIST_FILE = ArtistreeAppTests/Info.plist;
				LD_RUNPATH_SEARCH_PATHS = "$(inherited) @executable_path/Frameworks @loader_path/Frameworks";
				PRODUCT_NAME = "$(TARGET_NAME)";
				TEST_HOST = "$(BUILT_PRODUCTS_DIR)/ArtistreeApp.app/ArtistreeApp";
			};
			name = Release;
		};
/* End XCBuildConfiguration section */

/* Begin XCConfigurationList section */
		035C01381AEC86E4003B147C /* Build configuration list for PBXProject "ArtistreeApp" */ = {
			isa = XCConfigurationList;
			buildConfigurations = (
				035C015A1AEC86E4003B147C /* Debug */,
				035C015B1AEC86E4003B147C /* Release */,
			);
			defaultConfigurationIsVisible = 0;
			defaultConfigurationName = Release;
		};
		035C015C1AEC86E4003B147C /* Build configuration list for PBXNativeTarget "ArtistreeApp" */ = {
			isa = XCConfigurationList;
			buildConfigurations = (
				035C015D1AEC86E4003B147C /* Debug */,
				035C015E1AEC86E4003B147C /* Release */,
			);
			defaultConfigurationIsVisible = 0;
		};
		035C015F1AEC86E4003B147C /* Build configuration list for PBXNativeTarget "ArtistreeAppTests" */ = {
			isa = XCConfigurationList;
			buildConfigurations = (
				035C01601AEC86E4003B147C /* Debug */,
				035C01611AEC86E4003B147C /* Release */,
			);
			defaultConfigurationIsVisible = 0;
		};
/* End XCConfigurationList section */
	};
	rootObject = 035C01351AEC86E4003B147C /* Project object */;
}
